{
  "name": "NERV",
  "version": "1.2.0",
  "lockfileVersion": 1,
  "requires": true,
  "dependencies": {
    "clay": {
      "version": "2.24.0",
      "resolved": "https://registry.npmjs.org/clay/-/clay-2.24.0.tgz",
      "integrity": "sha512-Jo1v3TJDggfNPTHXZMMgjVVMpKM7LigdsZltcqUsW6xXax3Soe6TaoR1Q5b2GnPGCmsLoNkP55hopTz94lhexA=="
    },
    "pebble-clay": {
      "version": "1.0.4",
      "resolved": "https://registry.npmjs.org/pebble-clay/-/pebble-clay-1.0.4.tgz",
      "integrity": "sha1-/fkvD9x3CpecBodOqiRXzC52I0Q="
    }
  }
}
